
Microsoft Visual Studio Solution File, Format Version 12.00
# Visual Studio 15
VisualStudioVersion = 15.0.28307.852
MinimumVisualStudioVersion = 10.0.40219.1
Project("{FAE04EC0-301F-11D3-BF4B-00C04F79EFBC}") = "CIH_oM", "CIH_oM\CIH_oM.csproj", "{CC3149B9-36DA-4298-AB1D-DFB589023BD7}"
EndProject
Global
	GlobalSection(SolutionConfigurationPlatforms) = preSolution
		Debug|Any CPU = Debug|Any CPU
		Release|Any CPU = Release|Any CPU
	EndGlobalSection
	GlobalSection(ProjectConfigurationPlatforms) = postSolution
		{CC3149B9-36DA-4298-AB1D-DFB589023BD7}.Debug|Any CPU.ActiveCfg = Debug|Any CPU
		{CC3149B9-36DA-4298-AB1D-DFB589023BD7}.Debug|Any CPU.Build.0 = Debug|Any CPU
		{CC3149B9-36DA-4298-AB1D-DFB589023BD7}.Release|Any CPU.ActiveCfg = Release|Any CPU
		{CC3149B9-36DA-4298-AB1D-DFB589023BD7}.Release|Any CPU.Build.0 = Release|Any CPU
	EndGlobalSection
	GlobalSection(SolutionProperties) = preSolution
		HideSolutionNode = FALSE
	EndGlobalSection
	GlobalSection(ExtensibilityGlobals) = postSolution
		SolutionGuid = {D08CC392-ECC6-41BE-AF91-86CE4D454E9E}
	EndGlobalSection
EndGlobal
